
Microsoft Visual Studio Solution File, Format Version 12.00
# Visual Studio 15
VisualStudioVersion = 15.0.27428.1
MinimumVisualStudioVersion = 10.0.40219.1
Project("{FAE04EC0-301F-11D3-BF4B-00C04F79EFBC}") = "LibraryManagementSystem", "LibraryManagementSystem\LibraryManagementSystem.csproj", "{41F0304A-763F-488F-99A1-F7CEC291EF2A}"
EndProject
Project("{FAE04EC0-301F-11D3-BF4B-00C04F79EFBC}") = "LibMSViewModel", "LibMSViewModel\LibMSViewModel.csproj", "{0A7D6731-4D80-49E0-BEF4-808B34B92AF2}"
EndProject
Global
	GlobalSection(SolutionConfigurationPlatforms) = preSolution
		Debug|Any CPU = Debug|Any CPU
		Release|Any CPU = Release|Any CPU
	EndGlobalSection
	GlobalSection(ProjectConfigurationPlatforms) = postSolution
		{41F0304A-763F-488F-99A1-F7CEC291EF2A}.Debug|Any CPU.ActiveCfg = Debug|Any CPU
		{41F0304A-763F-488F-99A1-F7CEC291EF2A}.Debug|Any CPU.Build.0 = Debug|Any CPU
		{41F0304A-763F-488F-99A1-F7CEC291EF2A}.Release|Any CPU.ActiveCfg = Release|Any CPU
		{41F0304A-763F-488F-99A1-F7CEC291EF2A}.Release|Any CPU.Build.0 = Release|Any CPU
		{0A7D6731-4D80-49E0-BEF4-808B34B92AF2}.Debug|Any CPU.ActiveCfg = Debug|Any CPU
		{0A7D6731-4D80-49E0-BEF4-808B34B92AF2}.Debug|Any CPU.Build.0 = Debug|Any CPU
		{0A7D6731-4D80-49E0-BEF4-808B34B92AF2}.Release|Any CPU.ActiveCfg = Release|Any CPU
		{0A7D6731-4D80-49E0-BEF4-808B34B92AF2}.Release|Any CPU.Build.0 = Release|Any CPU
	EndGlobalSection
	GlobalSection(SolutionProperties) = preSolution
		HideSolutionNode = FALSE
	EndGlobalSection
	GlobalSection(ExtensibilityGlobals) = postSolution
		SolutionGuid = {3A667D0C-5341-4233-B86C-C94E55E5A68D}
	EndGlobalSection
EndGlobal
